// !$*UTF8*$!
{
	archiveVersion = 1;
	classes = {
	};
	objectVersion = 55;
	objects = {

/* Begin PBXBuildFile section */
		9C26D7E3273F8E7900B73586 /* TankVolumeView.swift in Sources */ = {isa = PBXBuildFile; fileRef = 9C26D7E2273F8E7900B73586 /* TankVolumeView.swift */; };
		9C2A842F273E3CF800890CDB /* HomePage.swift in Sources */ = {isa = PBXBuildFile; fileRef = 9C2A842E273E3CF800890CDB /* HomePage.swift */; };
		9C2A8431273E61D200890CDB /* SurfaceBottomView.swift in Sources */ = {isa = PBXBuildFile; fileRef = 9C2A8430273E61D200890CDB /* SurfaceBottomView.swift */; };
		9C985DAC2737D57100B90D22 /* TankMaintenanceApp.swift in Sources */ = {isa = PBXBuildFile; fileRef = 9C985DAB2737D57100B90D22 /* TankMaintenanceApp.swift */; };
		9C985DAE2737D57100B90D22 /* RestlifeBottomView.swift in Sources */ = {isa = PBXBuildFile; fileRef = 9C985DAD2737D57100B90D22 /* RestlifeBottomView.swift */; };
		9C985DB02737D57300B90D22 /* Assets.xcassets in Resources */ = {isa = PBXBuildFile; fileRef = 9C985DAF2737D57300B90D22 /* Assets.xcassets */; };
		9C985DB32737D57300B90D22 /* Preview Assets.xcassets in Resources */ = {isa = PBXBuildFile; fileRef = 9C985DB22737D57300B90D22 /* Preview Assets.xcassets */; };
		9CFBB66028CDE43A00A00897 /* SircumferanceTankView.swift in Sources */ = {isa = PBXBuildFile; fileRef = 9CFBB65F28CDE43A00A00897 /* SircumferanceTankView.swift */; };
		9CFBB66428CDE47900A00897 /* SircumferenceTankView.swift in Sources */ = {isa = PBXBuildFile; fileRef = 9CFBB66328CDE47900A00897 /* SircumferenceTankView.swift */; };
/* End PBXBuildFile section */

/* Begin PBXFileReference section */
		9C26D7E2273F8E7900B73586 /* TankVolumeView.swift */ = {isa = PBXFileReference; lastKnownFileType = sourcecode.swift; path = TankVolumeView.swift; sourceTree = "<group>"; };
		9C2A842E273E3CF800890CDB /* HomePage.swift */ = {isa = PBXFileReference; lastKnownFileType = sourcecode.swift; path = HomePage.swift; sourceTree = "<group>"; };
		9C2A8430273E61D200890CDB /* SurfaceBottomView.swift */ = {isa = PBXFileReference; lastKnownFileType = sourcecode.swift; path = SurfaceBottomView.swift; sourceTree = "<group>"; };
		9C985DA82737D57100B90D22 /* Tank-Maintenance.app */ = {isa = PBXFileReference; explicitFileType = wrapper.application; includeInIndex = 0; path = "Tank-Maintenance.app"; sourceTree = BUILT_PRODUCTS_DIR; };
		9C985DAB2737D57100B90D22 /* TankMaintenanceApp.swift */ = {isa = PBXFileReference; lastKnownFileType = sourcecode.swift; path = TankMaintenanceApp.swift; sourceTree = "<group>"; };
		9C985DAD2737D57100B90D22 /* RestlifeBottomView.swift */ = {isa = PBXFileReference; lastKnownFileType = sourcecode.swift; path = RestlifeBottomView.swift; sourceTree = "<group>"; };
		9C985DAF2737D57300B90D22 /* Assets.xcassets */ = {isa = PBXFileReference; lastKnownFileType = folder.assetcatalog; path = Assets.xcassets; sourceTree = "<group>"; };
		9C985DB22737D57300B90D22 /* Preview Assets.xcassets */ = {isa = PBXFileReference; lastKnownFileType = folder.assetcatalog; path = "Preview Assets.xcassets"; sourceTree = "<group>"; };
		9CFBB65F28CDE43A00A00897 /* SircumferanceTankView.swift */ = {isa = PBXFileReference; lastKnownFileType = sourcecode.swift; name = SircumferanceTankView.swift; path = ../../../SircumferanceTankView.swift; sourceTree = "<group>"; };
		9CFBB66328CDE47900A00897 /* SircumferenceTankView.swift */ = {isa = PBXFileReference; lastKnownFileType = sourcecode.swift; name = SircumferenceTankView.swift; path = ../../../../../SircumferenceTankView.swift; sourceTree = "<group>"; };
/* End PBXFileReference section */

/* Begin PBXFrameworksBuildPhase section */
		9C985DA52737D57100B90D22 /* Frameworks */ = {
			isa = PBXFrameworksBuildPhase;
			buildActionMask = 2147483647;
			files = (
			);
			runOnlyForDeploymentPostprocessing = 0;
		};
/* End PBXFrameworksBuildPhase section */

/* Begin PBXGroup section */
		9C26D7E4273FD1FC00B73586 /* Views */ = {
			isa = PBXGroup;
			children = (
				9C985DAD2737D57100B90D22 /* RestlifeBottomView.swift */,
				9C2A8430273E61D200890CDB /* SurfaceBottomView.swift */,
				9C26D7E2273F8E7900B73586 /* TankVolumeView.swift */,
				9CFBB66328CDE47900A00897 /* SircumferenceTankView.swift */,
			);
			path = Views;
			sourceTree = "<group>";
		};
		9C985D9F2737D57100B90D22 = {
			isa = PBXGroup;
			children = (
				9CFBB65F28CDE43A00A00897 /* SircumferanceTankView.swift */,
				9C985DAA2737D57100B90D22 /* Tank-Maintenance */,
				9C985DA92737D57100B90D22 /* Products */,
			);
			sourceTree = "<group>";
		};
		9C985DA92737D57100B90D22 /* Products */ = {
			isa = PBXGroup;
			children = (
				9C985DA82737D57100B90D22 /* Tank-Maintenance.app */,
			);
			name = Products;
			sourceTree = "<group>";
		};
		9C985DAA2737D57100B90D22 /* Tank-Maintenance */ = {
			isa = PBXGroup;
			children = (
				9C26D7E4273FD1FC00B73586 /* Views */,
				9C985DAB2737D57100B90D22 /* TankMaintenanceApp.swift */,
				9C2A842E273E3CF800890CDB /* HomePage.swift */,
				9C985DAF2737D57300B90D22 /* Assets.xcassets */,
				9C985DB12737D57300B90D22 /* Preview Content */,
			);
			path = "Tank-Maintenance";
			sourceTree = "<group>";
		};
		9C985DB12737D57300B90D22 /* Preview Content */ = {
			isa = PBXGroup;
			children = (
				9C985DB22737D57300B90D22 /* Preview Assets.xcassets */,
			);
			path = "Preview Content";
			sourceTree = "<group>";
		};
/* End PBXGroup section */

/* Begin PBXNativeTarget section */
		9C985DA72737D57100B90D22 /* Tank-Maintenance */ = {
			isa = PBXNativeTarget;
			buildConfigurationList = 9C985DB62737D57300B90D22 /* Build configuration list for PBXNativeTarget "Tank-Maintenance" */;
			buildPhases = (
				9C985DA42737D57100B90D22 /* Sources */,
				9C985DA52737D57100B90D22 /* Frameworks */,
				9C985DA62737D57100B90D22 /* Resources */,
			);
			buildRules = (
			);
			dependencies = (
			);
			name = "Tank-Maintenance";
			productName = "Tank-Maintenance";
			productReference = 9C985DA82737D57100B90D22 /* Tank-Maintenance.app */;
			productType = "com.apple.product-type.application";
		};
/* End PBXNativeTarget section */

/* Begin PBXProject section */
		9C985DA02737D57100B90D22 /* Project object */ = {
			isa = PBXProject;
			attributes = {
				BuildIndependentTargetsInParallel = 1;
				LastSwiftUpdateCheck = 1310;
				LastUpgradeCheck = 1310;
				TargetAttributes = {
					9C985DA72737D57100B90D22 = {
						CreatedOnToolsVersion = 13.1;
					};
				};
			};
			buildConfigurationList = 9C985DA32737D57100B90D22 /* Build configuration list for PBXProject "Tank-Maintenance" */;
			compatibilityVersion = "Xcode 13.0";
			developmentRegion = en;
			hasScannedForEncodings = 0;
			knownRegions = (
				en,
				Base,
			);
			mainGroup = 9C985D9F2737D57100B90D22;
			productRefGroup = 9C985DA92737D57100B90D22 /* Products */;
			projectDirPath = "";
			projectRoot = "";
			targets = (
				9C985DA72737D57100B90D22 /* Tank-Maintenance */,
			);
		};
/* End PBXProject section */

/* Begin PBXResourcesBuildPhase section */
		9C985DA62737D57100B90D22 /* Resources */ = {
			isa = PBXResourcesBuildPhase;
			buildActionMask = 2147483647;
			files = (
				9C985DB32737D57300B90D22 /* Preview Assets.xcassets in Resources */,
				9C985DB02737D57300B90D22 /* Assets.xcassets in Resources */,
			);
			runOnlyForDeploymentPostprocessing = 0;
		};
/* End PBXResourcesBuildPhase section */

/* Begin PBXSourcesBuildPhase section */
		9C985DA42737D57100B90D22 /* Sources */ = {
			isa = PBXSourcesBuildPhase;
			buildActionMask = 2147483647;
			files = (
				9C2A8431273E61D200890CDB /* SurfaceBottomView.swift in Sources */,
				9C985DAE2737D57100B90D22 /* RestlifeBottomView.swift in Sources */,
				9C985DAC2737D57100B90D22 /* TankMaintenanceApp.swift in Sources */,
				9C26D7E3273F8E7900B73586 /* TankVolumeView.swift in Sources */,
				9CFBB66428CDE47900A00897 /* SircumferenceTankView.swift in Sources */,
				9CFBB66028CDE43A00A00897 /* SircumferanceTankView.swift in Sources */,
				9C2A842F273E3CF800890CDB /* HomePage.swift in Sources */,
			);
			runOnlyForDeploymentPostprocessing = 0;
		};
/* End PBXSourcesBuildPhase section */

/* Begin XCBuildConfiguration section */
		9C985DB42737D57300B90D22 /* Debug */ = {
			isa = XCBuildConfiguration;
			buildSettings = {
				ALWAYS_SEARCH_USER_PATHS = NO;
				CLANG_ANALYZER_NONNULL = YES;
				CLANG_ANALYZER_NUMBER_OBJECT_CONVERSION = YES_AGGRESSIVE;
				CLANG_CXX_LANGUAGE_STANDARD = "gnu++17";
				CLANG_CXX_LIBRARY = "libc++";
				CLANG_ENABLE_MODULES = YES;
				CLANG_ENABLE_OBJC_ARC = YES;
				CLANG_ENABLE_OBJC_WEAK = YES;
				CLANG_WARN_BLOCK_CAPTURE_AUTORELEASING = YES;
				CLANG_WARN_BOOL_CONVERSION = YES;
				CLANG_WARN_COMMA = YES;
				CLANG_WARN_CONSTANT_CONVERSION = YES;
				CLANG_WARN_DEPRECATED_OBJC_IMPLEMENTATIONS = YES;
				CLANG_WARN_DIRECT_OBJC_ISA_USAGE = YES_ERROR;
				CLANG_WARN_DOCUMENTATION_COMMENTS = YES;
				CLANG_WARN_EMPTY_BODY = YES;
				CLANG_WARN_ENUM_CONVERSION = YES;
				CLANG_WARN_INFINITE_RECURSION = YES;
				CLANG_WARN_INT_CONVERSION = YES;
				CLANG_WARN_NON_LITERAL_NULL_CONVERSION = YES;
				CLANG_WARN_OBJC_IMPLICIT_RETAIN_SELF = YES;
				CLANG_WARN_OBJC_LITERAL_CONVERSION = YES;
				CLANG_WARN_OBJC_ROOT_CLASS = YES_ERROR;
				CLANG_WARN_QUOTED_INCLUDE_IN_FRAMEWORK_HEADER = YES;
				CLANG_WARN_RANGE_LOOP_ANALYSIS = YES;
				CLANG_WARN_STRICT_PROTOTYPES = YES;
				CLANG_WARN_SUSPICIOUS_MOVE = YES;
				CLANG_WARN_UNGUARDED_AVAILABILITY = YES_AGGRESSIVE;
				CLANG_WARN_UNREACHABLE_CODE = YES;
				CLANG_WARN__DUPLICATE_METHOD_MATCH = YES;
				COPY_PHASE_STRIP = NO;
				DEBUG_INFORMATION_FORMAT = dwarf;
				ENABLE_STRICT_OBJC_MSGSEND = YES;
				ENABLE_TESTABILITY = YES;
				GCC_C_LANGUAGE_STANDARD = gnu11;
				GCC_DYNAMIC_NO_PIC = NO;
				GCC_NO_COMMON_BLOCKS = YES;
				GCC_OPTIMIZATION_LEVEL = 0;
				GCC_PREPROCESSOR_DEFINITIONS = (
					"DEBUG=1",
					"$(inherited)",
				);
				GCC_WARN_64_TO_32_BIT_CONVERSION = YES;
				GCC_WARN_ABOUT_RETURN_TYPE = YES_ERROR;
				GCC_WARN_UNDECLARED_SELECTOR = YES;
				GCC_WARN_UNINITIALIZED_AUTOS = YES_AGGRESSIVE;
				GCC_WARN_UNUSED_FUNCTION = YES;
				GCC_WARN_UNUSED_VARIABLE = YES;
				IPHONEOS_DEPLOYMENT_TARGET = 15.0;
				MTL_ENABLE_DEBUG_INFO = INCLUDE_SOURCE;
				MTL_FAST_MATH = YES;
				ONLY_ACTIVE_ARCH = YES;
				SDKROOT = iphoneos;
				SWIFT_ACTIVE_COMPILATION_CONDITIONS = DEBUG;
				SWIFT_OPTIMIZATION_LEVEL = "-Onone";
			};
			name = Debug;
		};
		9C985DB52737D57300B90D22 /* Release */ = {
			isa = XCBuildConfiguration;
			buildSettings = {
				ALWAYS_SEARCH_USER_PATHS = NO;
				CLANG_ANALYZER_NONNULL = YES;
				CLANG_ANALYZER_NUMBER_OBJECT_CONVERSION = YES_AGGRESSIVE;
				CLANG_CXX_LANGUAGE_STANDARD = "gnu++17";
				CLANG_CXX_LIBRARY = "libc++";
				CLANG_ENABLE_MODULES = YES;
				CLANG_ENABLE_OBJC_ARC = YES;
				CLANG_ENABLE_OBJC_WEAK = YES;
				CLANG_WARN_BLOCK_CAPTURE_AUTORELEASING = YES;
				CLANG_WARN_BOOL_CONVERSION = YES;
				CLANG_WARN_COMMA = YES;
				CLANG_WARN_CONSTANT_CONVERSION = YES;
				CLANG_WARN_DEPRECATED_OBJC_IMPLEMENTATIONS = YES;
				CLANG_WARN_DIRECT_OBJC_ISA_USAGE = YES_ERROR;
				CLANG_WARN_DOCUMENTATION_COMMENTS = YES;
				CLANG_WARN_EMPTY_BODY = YES;
				CLANG_WARN_ENUM_CONVERSION = YES;
				CLANG_WARN_INFINITE_RECURSION = YES;
				CLANG_WARN_INT_CONVERSION = YES;
				CLANG_WARN_NON_LITERAL_NULL_CONVERSION = YES;
				CLANG_WARN_OBJC_IMPLICIT_RETAIN_SELF = YES;
				CLANG_WARN_OBJC_LITERAL_CONVERSION = YES;
				CLANG_WARN_OBJC_ROOT_CLASS = YES_ERROR;
				CLANG_WARN_QUOTED_INCLUDE_IN_FRAMEWORK_HEADER = YES;
				CLANG_WARN_RANGE_LOOP_ANALYSIS = YES;
				CLANG_WARN_STRICT_PROTOTYPES = YES;
				CLANG_WARN_SUSPICIOUS_MOVE = YES;
				CLANG_WARN_UNGUARDED_AVAILABILITY = YES_AGGRESSIVE;
				CLANG_WARN_UNREACHABLE_CODE = YES;
				CLANG_WARN__DUPLICATE_METHOD_MATCH = YES;
				COPY_PHASE_STRIP = NO;
				DEBUG_INFORMATION_FORMAT = "dwarf-with-dsym";
				ENABLE_NS_ASSERTIONS = NO;
				ENABLE_STRICT_OBJC_MSGSEND = YES;
				GCC_C_LANGUAGE_STANDARD = gnu11;
				GCC_NO_COMMON_BLOCKS = YES;
				GCC_WARN_64_TO_32_BIT_CONVERSION = YES;
				GCC_WARN_ABOUT_RETURN_TYPE = YES_ERROR;
				GCC_WARN_UNDECLARED_SELECTOR = YES;
				GCC_WARN_UNINITIALIZED_AUTOS = YES_AGGRESSIVE;
				GCC_WARN_UNUSED_FUNCTION = YES;
				GCC_WARN_UNUSED_VARIABLE = YES;
				IPHONEOS_DEPLOYMENT_TARGET = 15.0;
				MTL_ENABLE_DEBUG_INFO = NO;
				MTL_FAST_MATH = YES;
				SDKROOT = iphoneos;
				SWIFT_COMPILATION_MODE = wholemodule;
				SWIFT_OPTIMIZATION_LEVEL = "-O";
				VALIDATE_PRODUCT = YES;
			};
			name = Release;
		};
		9C985DB72737D57300B90D22 /* Debug */ = {
			isa = XCBuildConfiguration;
			buildSettings = {
				ASSETCATALOG_COMPILER_APPICON_NAME = AppIcon;
				ASSETCATALOG_COMPILER_GLOBAL_ACCENT_COLOR_NAME = AccentColor;
				CODE_SIGN_STYLE = Automatic;
				CURRENT_PROJECT_VERSION = 1;
				DEVELOPMENT_ASSET_PATHS = "\"Tank-Maintenance/Preview Content\"";
				DEVELOPMENT_TEAM = 7AWNGA9WLD;
				ENABLE_PREVIEWS = YES;
				GENERATE_INFOPLIST_FILE = YES;
				INFOPLIST_KEY_UIApplicationSceneManifest_Generation = YES;
				INFOPLIST_KEY_UIApplicationSupportsIndirectInputEvents = YES;
				INFOPLIST_KEY_UILaunchScreen_Generation = YES;
				INFOPLIST_KEY_UISupportedInterfaceOrientations_iPad = "UIInterfaceOrientationPortrait UIInterfaceOrientationPortraitUpsideDown UIInterfaceOrientationLandscapeLeft UIInterfaceOrientationLandscapeRight";
				INFOPLIST_KEY_UISupportedInterfaceOrientations_iPhone = "UIInterfaceOrientationPortrait UIInterfaceOrientationLandscapeLeft UIInterfaceOrientationLandscapeRight";
				LD_RUNPATH_SEARCH_PATHS = (
					"$(inherited)",
					"@executable_path/Frameworks",
				);
				MARKETING_VERSION = 1.0;
				PRODUCT_BUNDLE_IDENTIFIER = "KDJ-Projects.Tank-Maintenance";
				PRODUCT_NAME = "$(TARGET_NAME)";
				SWIFT_EMIT_LOC_STRINGS = YES;
				SWIFT_VERSION = 5.0;
				TARGETED_DEVICE_FAMILY = "1,2";
			};
			name = Debug;
		};
		9C985DB82737D57300B90D22 /* Release */ = {
			isa = XCBuildConfiguration;
			buildSettings = {
				ASSETCATALOG_COMPILER_APPICON_NAME = AppIcon;
				ASSETCATALOG_COMPILER_GLOBAL_ACCENT_COLOR_NAME = AccentColor;
				CODE_SIGN_STYLE = Automatic;
				CURRENT_PROJECT_VERSION = 1;
				DEVELOPMENT_ASSET_PATHS = "\"Tank-Maintenance/Preview Content\"";
				DEVELOPMENT_TEAM = 7AWNGA9WLD;
				ENABLE_PREVIEWS = YES;
				GENERATE_INFOPLIST_FILE = YES;
				INFOPLIST_KEY_UIApplicationSceneManifest_Generation = YES;
				INFOPLIST_KEY_UIApplicationSupportsIndirectInputEvents = YES;
				INFOPLIST_KEY_UILaunchScreen_Generation = YES;
				INFOPLIST_KEY_UISupportedInterfaceOrientations_iPad = "UIInterfaceOrientationPortrait UIInterfaceOrientationPortraitUpsideDown UIInterfaceOrientationLandscapeLeft UIInterfaceOrientationLandscapeRight";
				INFOPLIST_KEY_UISupportedInterfaceOrientations_iPhone = "UIInterfaceOrientationPortrait UIInterfaceOrientationLandscapeLeft UIInterfaceOrientationLandscapeRight";
				LD_RUNPATH_SEARCH_PATHS = (
					"$(inherited)",
					"@executable_path/Frameworks",
				);
				MARKETING_VERSION = 1.0;
				PRODUCT_BUNDLE_IDENTIFIER = "KDJ-Projects.Tank-Maintenance";
				PRODUCT_NAME = "$(TARGET_NAME)";
				SWIFT_EMIT_LOC_STRINGS = YES;
				SWIFT_VERSION = 5.0;
				TARGETED_DEVICE_FAMILY = "1,2";
			};
			name = Release;
		};
/* End XCBuildConfiguration section */

/* Begin XCConfigurationList section */
		9C985DA32737D57100B90D22 /* Build configuration list for PBXProject "Tank-Maintenance" */ = {
			isa = XCConfigurationList;
			buildConfigurations = (
				9C985DB42737D57300B90D22 /* Debug */,
				9C985DB52737D57300B90D22 /* Release */,
			);
			defaultConfigurationIsVisible = 0;
			defaultConfigurationName = Release;
		};
		9C985DB62737D57300B90D22 /* Build configuration list for PBXNativeTarget "Tank-Maintenance" */ = {
			isa = XCConfigurationList;
			buildConfigurations = (
				9C985DB72737D57300B90D22 /* Debug */,
				9C985DB82737D57300B90D22 /* Release */,
			);
			defaultConfigurationIsVisible = 0;
			defaultConfigurationName = Release;
		};
/* End XCConfigurationList section */
	};
	rootObject = 9C985DA02737D57100B90D22 /* Project object */;
}
